// !$*UTF8*$!
{
	archiveVersion = 1;
	classes = {
	};
	objectVersion = 46;
	objects = {

/* Begin PBXBuildFile section */
		19E5AA22C6BE53659AB7AC08 /* Pods_RainOrShine.framework in Frameworks */ = {isa = PBXBuildFile; fileRef = 5183ABF276D390147087BEEA /* Pods_RainOrShine.framework */; };
		1BA16B031E88C1A200CB3E97 /* AppDelegate.swift in Sources */ = {isa = PBXBuildFile; fileRef = 1BA16B021E88C1A200CB3E97 /* AppDelegate.swift */; };
		1BA16B051E88C1A200CB3E97 /* WeatherVC.swift in Sources */ = {isa = PBXBuildFile; fileRef = 1BA16B041E88C1A200CB3E97 /* WeatherVC.swift */; };
		1BA16B081E88C1A200CB3E97 /* Main.storyboard in Resources */ = {isa = PBXBuildFile; fileRef = 1BA16B061E88C1A200CB3E97 /* Main.storyboard */; };
		1BA16B0A1E88C1A200CB3E97 /* Assets.xcassets in Resources */ = {isa = PBXBuildFile; fileRef = 1BA16B091E88C1A200CB3E97 /* Assets.xcassets */; };
		1BA16B0D1E88C1A200CB3E97 /* LaunchScreen.storyboard in Resources */ = {isa = PBXBuildFile; fileRef = 1BA16B0B1E88C1A200CB3E97 /* LaunchScreen.storyboard */; };
/* End PBXBuildFile section */

/* Begin PBXFileReference section */
		1BA16AFF1E88C1A200CB3E97 /* RainOrShine.app */ = {isa = PBXFileReference; explicitFileType = wrapper.application; includeInIndex = 0; path = RainOrShine.app; sourceTree = BUILT_PRODUCTS_DIR; };
		1BA16B021E88C1A200CB3E97 /* AppDelegate.swift */ = {isa = PBXFileReference; lastKnownFileType = sourcecode.swift; path = AppDelegate.swift; sourceTree = "<group>"; };
		1BA16B041E88C1A200CB3E97 /* WeatherVC.swift */ = {isa = PBXFileReference; lastKnownFileType = sourcecode.swift; path = WeatherVC.swift; sourceTree = "<group>"; };
		1BA16B071E88C1A200CB3E97 /* Base */ = {isa = PBXFileReference; lastKnownFileType = file.storyboard; name = Base; path = Base.lproj/Main.storyboard; sourceTree = "<group>"; };
		1BA16B091E88C1A200CB3E97 /* Assets.xcassets */ = {isa = PBXFileReference; lastKnownFileType = folder.assetcatalog; path = Assets.xcassets; sourceTree = "<group>"; };
		1BA16B0C1E88C1A200CB3E97 /* Base */ = {isa = PBXFileReference; lastKnownFileType = file.storyboard; name = Base; path = Base.lproj/LaunchScreen.storyboard; sourceTree = "<group>"; };
		1BA16B0E1E88C1A200CB3E97 /* Info.plist */ = {isa = PBXFileReference; lastKnownFileType = text.plist.xml; path = Info.plist; sourceTree = "<group>"; };
		20F23FBB4EADD77FDFFD8698 /* Pods-RainOrShine.debug.xcconfig */ = {isa = PBXFileReference; includeInIndex = 1; lastKnownFileType = text.xcconfig; name = "Pods-RainOrShine.debug.xcconfig"; path = "Pods/Target Support Files/Pods-RainOrShine/Pods-RainOrShine.debug.xcconfig"; sourceTree = "<group>"; };
		5183ABF276D390147087BEEA /* Pods_RainOrShine.framework */ = {isa = PBXFileReference; explicitFileType = wrapper.framework; includeInIndex = 0; path = Pods_RainOrShine.framework; sourceTree = BUILT_PRODUCTS_DIR; };
		C4B7068CD5229454757B118E /* Pods-RainOrShine.release.xcconfig */ = {isa = PBXFileReference; includeInIndex = 1; lastKnownFileType = text.xcconfig; name = "Pods-RainOrShine.release.xcconfig"; path = "Pods/Target Support Files/Pods-RainOrShine/Pods-RainOrShine.release.xcconfig"; sourceTree = "<group>"; };
/* End PBXFileReference section */

/* Begin PBXFrameworksBuildPhase section */
		1BA16AFC1E88C1A200CB3E97 /* Frameworks */ = {
			isa = PBXFrameworksBuildPhase;
			buildActionMask = 2147483647;
			files = (
				19E5AA22C6BE53659AB7AC08 /* Pods_RainOrShine.framework in Frameworks */,
			);
			runOnlyForDeploymentPostprocessing = 0;
		};
/* End PBXFrameworksBuildPhase section */

/* Begin PBXGroup section */
		1BA16AF61E88C1A200CB3E97 = {
			isa = PBXGroup;
			children = (
				1BA16B011E88C1A200CB3E97 /* RainOrShine */,
				1BA16B001E88C1A200CB3E97 /* Products */,
				E30050BFB73679130963AEEB /* Pods */,
				6F8D570DB11A2BB751A46977 /* Frameworks */,
			);
			sourceTree = "<group>";
		};
		1BA16B001E88C1A200CB3E97 /* Products */ = {
			isa = PBXGroup;
			children = (
				1BA16AFF1E88C1A200CB3E97 /* RainOrShine.app */,
			);
			name = Products;
			sourceTree = "<group>";
		};
		1BA16B011E88C1A200CB3E97 /* RainOrShine */ = {
			isa = PBXGroup;
			children = (
				1BA16B021E88C1A200CB3E97 /* AppDelegate.swift */,
				1BA16B041E88C1A200CB3E97 /* WeatherVC.swift */,
				1BA16B061E88C1A200CB3E97 /* Main.storyboard */,
				1BA16B091E88C1A200CB3E97 /* Assets.xcassets */,
				1BA16B0B1E88C1A200CB3E97 /* LaunchScreen.storyboard */,
				1BA16B0E1E88C1A200CB3E97 /* Info.plist */,
			);
			path = RainOrShine;
			sourceTree = "<group>";
		};
		6F8D570DB11A2BB751A46977 /* Frameworks */ = {
			isa = PBXGroup;
			children = (
				5183ABF276D390147087BEEA /* Pods_RainOrShine.framework */,
			);
			name = Frameworks;
			sourceTree = "<group>";
		};
		E30050BFB73679130963AEEB /* Pods */ = {
			isa = PBXGroup;
			children = (
				20F23FBB4EADD77FDFFD8698 /* Pods-RainOrShine.debug.xcconfig */,
				C4B7068CD5229454757B118E /* Pods-RainOrShine.release.xcconfig */,
			);
			name = Pods;
			sourceTree = "<group>";
		};
/* End PBXGroup section */

/* Begin PBXNativeTarget section */
		1BA16AFE1E88C1A200CB3E97 /* RainOrShine */ = {
			isa = PBXNativeTarget;
			buildConfigurationList = 1BA16B111E88C1A200CB3E97 /* Build configuration list for PBXNativeTarget "RainOrShine" */;
			buildPhases = (
				454BB3A764AF34D9B84AB595 /* [CP] Check Pods Manifest.lock */,
				1BA16AFB1E88C1A200CB3E97 /* Sources */,
				1BA16AFC1E88C1A200CB3E97 /* Frameworks */,
				1BA16AFD1E88C1A200CB3E97 /* Resources */,
				52D36F432A2C789F0143EED2 /* [CP] Embed Pods Frameworks */,
				4E85550A4EC2EEB7AE50B90F /* [CP] Copy Pods Resources */,
			);
			buildRules = (
			);
			dependencies = (
			);
			name = RainOrShine;
			productName = RainOrShine;
			productReference = 1BA16AFF1E88C1A200CB3E97 /* RainOrShine.app */;
			productType = "com.apple.product-type.application";
		};
/* End PBXNativeTarget section */

/* Begin PBXProject section */
		1BA16AF71E88C1A200CB3E97 /* Project object */ = {
			isa = PBXProject;
			attributes = {
				LastSwiftUpdateCheck = 0820;
				LastUpgradeCheck = 0820;
				ORGANIZATIONNAME = "Jake Romer";
				TargetAttributes = {
					1BA16AFE1E88C1A200CB3E97 = {
						CreatedOnToolsVersion = 8.2.1;
						DevelopmentTeam = M94KDK654M;
						ProvisioningStyle = Automatic;
					};
				};
			};
			buildConfigurationList = 1BA16AFA1E88C1A200CB3E97 /* Build configuration list for PBXProject "RainOrShine" */;
			compatibilityVersion = "Xcode 3.2";
			developmentRegion = English;
			hasScannedForEncodings = 0;
			knownRegions = (
				en,
				Base,
			);
			mainGroup = 1BA16AF61E88C1A200CB3E97;
			productRefGroup = 1BA16B001E88C1A200CB3E97 /* Products */;
			projectDirPath = "";
			projectRoot = "";
			targets = (
				1BA16AFE1E88C1A200CB3E97 /* RainOrShine */,
			);
		};
/* End PBXProject section */

/* Begin PBXResourcesBuildPhase section */
		1BA16AFD1E88C1A200CB3E97 /* Resources */ = {
			isa = PBXResourcesBuildPhase;
			buildActionMask = 2147483647;
			files = (
				1BA16B0D1E88C1A200CB3E97 /* LaunchScreen.storyboard in Resources */,
				1BA16B0A1E88C1A200CB3E97 /* Assets.xcassets in Resources */,
				1BA16B081E88C1A200CB3E97 /* Main.storyboard in Resources */,
			);
			runOnlyForDeploymentPostprocessing = 0;
		};
/* End PBXResourcesBuildPhase section */

/* Begin PBXShellScriptBuildPhase section */
		454BB3A764AF34D9B84AB595 /* [CP] Check Pods Manifest.lock */ = {
			isa = PBXShellScriptBuildPhase;
			buildActionMask = 2147483647;
			files = (
			);
			inputPaths = (
			);
			name = "[CP] Check Pods Manifest.lock";
			outputPaths = (
			);
			runOnlyForDeploymentPostprocessing = 0;
			shellPath = /bin/sh;
			shellScript = "diff \"${PODS_ROOT}/../Podfile.lock\" \"${PODS_ROOT}/Manifest.lock\" > /dev/null\nif [ $? != 0 ] ; then\n    # print error to STDERR\n    echo \"error: The sandbox is not in sync with the Podfile.lock. Run 'pod install' or update your CocoaPods installation.\" >&2\n    exit 1\nfi\n";
			showEnvVarsInLog = 0;
		};
		4E85550A4EC2EEB7AE50B90F /* [CP] Copy Pods Resources */ = {
			isa = PBXShellScriptBuildPhase;
			buildActionMask = 2147483647;
			files = (
			);
			inputPaths = (
			);
			name = "[CP] Copy Pods Resources";
			outputPaths = (
			);
			runOnlyForDeploymentPostprocessing = 0;
			shellPath = /bin/sh;
			shellScript = "\"${SRCROOT}/Pods/Target Support Files/Pods-RainOrShine/Pods-RainOrShine-resources.sh\"\n";
			showEnvVarsInLog = 0;
		};
		52D36F432A2C789F0143EED2 /* [CP] Embed Pods Frameworks */ = {
			isa = PBXShellScriptBuildPhase;
			buildActionMask = 2147483647;
			files = (
			);
			inputPaths = (
			);
			name = "[CP] Embed Pods Frameworks";
			outputPaths = (
			);
			runOnlyForDeploymentPostprocessing = 0;
			shellPath = /bin/sh;
			shellScript = "\"${SRCROOT}/Pods/Target Support Files/Pods-RainOrShine/Pods-RainOrShine-frameworks.sh\"\n";
			showEnvVarsInLog = 0;
		};
/* End PBXShellScriptBuildPhase section */

/* Begin PBXSourcesBuildPhase section */
		1BA16AFB1E88C1A200CB3E97 /* Sources */ = {
			isa = PBXSourcesBuildPhase;
			buildActionMask = 2147483647;
			files = (
				1BA16B051E88C1A200CB3E97 /* WeatherVC.swift in Sources */,
				1BA16B031E88C1A200CB3E97 /* AppDelegate.swift in Sources */,
			);
			runOnlyForDeploymentPostprocessing = 0;
		};
/* End PBXSourcesBuildPhase section */

/* Begin PBXVariantGroup section */
		1BA16B061E88C1A200CB3E97 /* Main.storyboard */ = {
			isa = PBXVariantGroup;
			children = (
				1BA16B071E88C1A200CB3E97 /* Base */,
			);
			name = Main.storyboard;
			sourceTree = "<group>";
		};
		1BA16B0B1E88C1A200CB3E97 /* LaunchScreen.storyboard */ = {
			isa = PBXVariantGroup;
			children = (
				1BA16B0C1E88C1A200CB3E97 /* Base */,
			);
			name = LaunchScreen.storyboard;
			sourceTree = "<group>";
		};
/* End PBXVariantGroup section */

/* Begin XCBuildConfiguration section */
		1BA16B0F1E88C1A200CB3E97 /* Debug */ = {
			isa = XCBuildConfiguration;
			buildSettings = {
				ALWAYS_SEARCH_USER_PATHS = NO;
				CLANG_ANALYZER_NONNULL = YES;
				CLANG_CXX_LANGUAGE_STANDARD = "gnu++0x";
				CLANG_CXX_LIBRARY = "libc++";
				CLANG_ENABLE_MODULES = YES;
				CLANG_ENABLE_OBJC_ARC = YES;
				CLANG_WARN_BOOL_CONVERSION = YES;
				CLANG_WARN_CONSTANT_CONVERSION = YES;
				CLANG_WARN_DIRECT_OBJC_ISA_USAGE = YES_ERROR;
				CLANG_WARN_DOCUMENTATION_COMMENTS = YES;
				CLANG_WARN_EMPTY_BODY = YES;
				CLANG_WARN_ENUM_CONVERSION = YES;
				CLANG_WARN_INFINITE_RECURSION = YES;
				CLANG_WARN_INT_CONVERSION = YES;
				CLANG_WARN_OBJC_ROOT_CLASS = YES_ERROR;
				CLANG_WARN_SUSPICIOUS_MOVE = YES;
				CLANG_WARN_UNREACHABLE_CODE = YES;
				CLANG_WARN__DUPLICATE_METHOD_MATCH = YES;
				"CODE_SIGN_IDENTITY[sdk=iphoneos*]" = "iPhone Developer";
				COPY_PHASE_STRIP = NO;
				DEBUG_INFORMATION_FORMAT = dwarf;
				ENABLE_STRICT_OBJC_MSGSEND = YES;
				ENABLE_TESTABILITY = YES;
				GCC_C_LANGUAGE_STANDARD = gnu99;
				GCC_DYNAMIC_NO_PIC = NO;
				GCC_NO_COMMON_BLOCKS = YES;
				GCC_OPTIMIZATION_LEVEL = 0;
				GCC_PREPROCESSOR_DEFINITIONS = (
					"DEBUG=1",
					"$(inherited)",
				);
				GCC_WARN_64_TO_32_BIT_CONVERSION = YES;
				GCC_WARN_ABOUT_RETURN_TYPE = YES_ERROR;
				GCC_WARN_UNDECLARED_SELECTOR = YES;
				GCC_WARN_UNINITIALIZED_AUTOS = YES_AGGRESSIVE;
				GCC_WARN_UNUSED_FUNCTION = YES;
				GCC_WARN_UNUSED_VARIABLE = YES;
				IPHONEOS_DEPLOYMENT_TARGET = 10.2;
				MTL_ENABLE_DEBUG_INFO = YES;
				ONLY_ACTIVE_ARCH = YES;
				SDKROOT = iphoneos;
				SWIFT_ACTIVE_COMPILATION_CONDITIONS = DEBUG;
				SWIFT_OPTIMIZATION_LEVEL = "-Onone";
				TARGETED_DEVICE_FAMILY = "1,2";
			};
			name = Debug;
		};
		1BA16B101E88C1A200CB3E97 /* Release */ = {
			isa = XCBuildConfiguration;
			buildSettings = {
				ALWAYS_SEARCH_USER_PATHS = NO;
				CLANG_ANALYZER_NONNULL = YES;
				CLANG_CXX_LANGUAGE_STANDARD = "gnu++0x";
				CLANG_CXX_LIBRARY = "libc++";
				CLANG_ENABLE_MODULES = YES;
				CLANG_ENABLE_OBJC_ARC = YES;
				CLANG_WARN_BOOL_CONVERSION = YES;
				CLANG_WARN_CONSTANT_CONVERSION = YES;
				CLANG_WARN_DIRECT_OBJC_ISA_USAGE = YES_ERROR;
				CLANG_WARN_DOCUMENTATION_COMMENTS = YES;
				CLANG_WARN_EMPTY_BODY = YES;
				CLANG_WARN_ENUM_CONVERSION = YES;
				CLANG_WARN_INFINITE_RECURSION = YES;
				CLANG_WARN_INT_CONVERSION = YES;
				CLANG_WARN_OBJC_ROOT_CLASS = YES_ERROR;
				CLANG_WARN_SUSPICIOUS_MOVE = YES;
				CLANG_WARN_UNREACHABLE_CODE = YES;
				CLANG_WARN__DUPLICATE_METHOD_MATCH = YES;
				"CODE_SIGN_IDENTITY[sdk=iphoneos*]" = "iPhone Developer";
				COPY_PHASE_STRIP = NO;
				DEBUG_INFORMATION_FORMAT = "dwarf-with-dsym";
				ENABLE_NS_ASSERTIONS = NO;
				ENABLE_STRICT_OBJC_MSGSEND = YES;
				GCC_C_LANGUAGE_STANDARD = gnu99;
				GCC_NO_COMMON_BLOCKS = YES;
				GCC_WARN_64_TO_32_BIT_CONVERSION = YES;
				GCC_WARN_ABOUT_RETURN_TYPE = YES_ERROR;
				GCC_WARN_UNDECLARED_SELECTOR = YES;
				GCC_WARN_UNINITIALIZED_AUTOS = YES_AGGRESSIVE;
				GCC_WARN_UNUSED_FUNCTION = YES;
				GCC_WARN_UNUSED_VARIABLE = YES;
				IPHONEOS_DEPLOYMENT_TARGET = 10.2;
				MTL_ENABLE_DEBUG_INFO = NO;
				SDKROOT = iphoneos;
				SWIFT_OPTIMIZATION_LEVEL = "-Owholemodule";
				TARGETED_DEVICE_FAMILY = "1,2";
				VALIDATE_PRODUCT = YES;
			};
			name = Release;
		};
		1BA16B121E88C1A200CB3E97 /* Debug */ = {
			isa = XCBuildConfiguration;
			baseConfigurationReference = 20F23FBB4EADD77FDFFD8698 /* Pods-RainOrShine.debug.xcconfig */;
			buildSettings = {
				ASSETCATALOG_COMPILER_APPICON_NAME = AppIcon;
				DEVELOPMENT_TEAM = M94KDK654M;
				INFOPLIST_FILE = RainOrShine/Info.plist;
				IPHONEOS_DEPLOYMENT_TARGET = 10.2;
				LD_RUNPATH_SEARCH_PATHS = "$(inherited) @executable_path/Frameworks";
				PRODUCT_BUNDLE_IDENTIFIER = jkrmr.RainOrShine;
				PRODUCT_NAME = "$(TARGET_NAME)";
				SWIFT_VERSION = 3.0;
			};
			name = Debug;
		};
		1BA16B131E88C1A200CB3E97 /* Release */ = {
			isa = XCBuildConfiguration;
			baseConfigurationReference = C4B7068CD5229454757B118E /* Pods-RainOrShine.release.xcconfig */;
			buildSettings = {
				ASSETCATALOG_COMPILER_APPICON_NAME = AppIcon;
				DEVELOPMENT_TEAM = M94KDK654M;
				INFOPLIST_FILE = RainOrShine/Info.plist;
				IPHONEOS_DEPLOYMENT_TARGET = 10.2;
				LD_RUNPATH_SEARCH_PATHS = "$(inherited) @executable_path/Frameworks";
				PRODUCT_BUNDLE_IDENTIFIER = jkrmr.RainOrShine;
				PRODUCT_NAME = "$(TARGET_NAME)";
				SWIFT_VERSION = 3.0;
			};
			name = Release;
		};
/* End XCBuildConfiguration section */

/* Begin XCConfigurationList section */
		1BA16AFA1E88C1A200CB3E97 /* Build configuration list for PBXProject "RainOrShine" */ = {
			isa = XCConfigurationList;
			buildConfigurations = (
				1BA16B0F1E88C1A200CB3E97 /* Debug */,
				1BA16B101E88C1A200CB3E97 /* Release */,
			);
			defaultConfigurationIsVisible = 0;
			defaultConfigurationName = Release;
		};
		1BA16B111E88C1A200CB3E97 /* Build configuration list for PBXNativeTarget "RainOrShine" */ = {
			isa = XCConfigurationList;
			buildConfigurations = (
				1BA16B121E88C1A200CB3E97 /* Debug */,
				1BA16B131E88C1A200CB3E97 /* Release */,
			);
			defaultConfigurationIsVisible = 0;
			defaultConfigurationName = Release;
		};
/* End XCConfigurationList section */
	};
	rootObject = 1BA16AF71E88C1A200CB3E97 /* Project object */;
}
